// !$*UTF8*$!
{
	archiveVersion = 1;
	classes = {
	};
	objectVersion = 46;
	objects = {

/* Begin PBXBuildFile section */
		A76346791CA59FDC00351DFE /* Assets.xcassets in Resources */ = {isa = PBXBuildFile; fileRef = A76346781CA59FDC00351DFE /* Assets.xcassets */; };
		A770B7A11CA7036C005327B8 /* AppDelegate.m in Sources */ = {isa = PBXBuildFile; fileRef = A770B77B1CA7036C005327B8 /* AppDelegate.m */; };
		A770B7A21CA7036C005327B8 /* UIBarButtonItem+WYKExtension.m in Sources */ = {isa = PBXBuildFile; fileRef = A770B77E1CA7036C005327B8 /* UIBarButtonItem+WYKExtension.m */; };
		A770B7A31CA7036C005327B8 /* UIView+WYKExtension.m in Sources */ = {isa = PBXBuildFile; fileRef = A770B7801CA7036C005327B8 /* UIView+WYKExtension.m */; };
		A770B7A41CA7036C005327B8 /* WYKTabBarController.m in Sources */ = {isa = PBXBuildFile; fileRef = A770B7831CA7036C005327B8 /* WYKTabBarController.m */; };
		A770B7A51CA7036C005327B8 /* main.m in Sources */ = {isa = PBXBuildFile; fileRef = A770B7841CA7036C005327B8 /* main.m */; };
		A770B7A61CA7036C005327B8 /* WYKTabBar.m in Sources */ = {isa = PBXBuildFile; fileRef = A770B7881CA7036C005327B8 /* WYKTabBar.m */; };
		A770B7A71CA7036C005327B8 /* WYKFriendTrendsViewController.m in Sources */ = {isa = PBXBuildFile; fileRef = A770B78C1CA7036C005327B8 /* WYKFriendTrendsViewController.m */; };
		A770B7A81CA7036C005327B8 /* WYKMeViewController.m in Sources */ = {isa = PBXBuildFile; fileRef = A770B7921CA7036C005327B8 /* WYKMeViewController.m */; };
		A770B7A91CA7036C005327B8 /* WYKNewViewController.m in Sources */ = {isa = PBXBuildFile; fileRef = A770B7981CA7036C005327B8 /* WYKNewViewController.m */; };
		A770B7AA1CA7036C005327B8 /* WYKEssenceViewController.m in Sources */ = {isa = PBXBuildFile; fileRef = A770B79E1CA7036C005327B8 /* WYKEssenceViewController.m */; };
		A7FBFE161CA77EE1002C2B4D /* WYKNavigationController.m in Sources */ = {isa = PBXBuildFile; fileRef = A7FBFE151CA77EE1002C2B4D /* WYKNavigationController.m */; };
		A7FBFE181CA7997E002C2B4D /* WYKFriendTrendsViewController.xib in Resources */ = {isa = PBXBuildFile; fileRef = A7FBFE171CA7997E002C2B4D /* WYKFriendTrendsViewController.xib */; };
/* End PBXBuildFile section */

/* Begin PBXFileReference section */
		A76346691CA59FDC00351DFE /* 百思不得姐.app */ = {isa = PBXFileReference; explicitFileType = wrapper.application; includeInIndex = 0; path = "百思不得姐.app"; sourceTree = BUILT_PRODUCTS_DIR; };
		A76346781CA59FDC00351DFE /* Assets.xcassets */ = {isa = PBXFileReference; lastKnownFileType = folder.assetcatalog; path = Assets.xcassets; sourceTree = "<group>"; };
		A763467D1CA59FDC00351DFE /* Info.plist */ = {isa = PBXFileReference; lastKnownFileType = text.plist.xml; path = Info.plist; sourceTree = "<group>"; };
		A770B77A1CA7036C005327B8 /* AppDelegate.h */ = {isa = PBXFileReference; fileEncoding = 4; lastKnownFileType = sourcecode.c.h; path = AppDelegate.h; sourceTree = "<group>"; };
		A770B77B1CA7036C005327B8 /* AppDelegate.m */ = {isa = PBXFileReference; fileEncoding = 4; lastKnownFileType = sourcecode.c.objc; path = AppDelegate.m; sourceTree = "<group>"; };
		A770B77D1CA7036C005327B8 /* UIBarButtonItem+WYKExtension.h */ = {isa = PBXFileReference; fileEncoding = 4; lastKnownFileType = sourcecode.c.h; path = "UIBarButtonItem+WYKExtension.h"; sourceTree = "<group>"; };
		A770B77E1CA7036C005327B8 /* UIBarButtonItem+WYKExtension.m */ = {isa = PBXFileReference; fileEncoding = 4; lastKnownFileType = sourcecode.c.objc; path = "UIBarButtonItem+WYKExtension.m"; sourceTree = "<group>"; };
		A770B77F1CA7036C005327B8 /* UIView+WYKExtension.h */ = {isa = PBXFileReference; fileEncoding = 4; lastKnownFileType = sourcecode.c.h; path = "UIView+WYKExtension.h"; sourceTree = "<group>"; };
		A770B7801CA7036C005327B8 /* UIView+WYKExtension.m */ = {isa = PBXFileReference; fileEncoding = 4; lastKnownFileType = sourcecode.c.objc; path = "UIView+WYKExtension.m"; sourceTree = "<group>"; };
		A770B7821CA7036C005327B8 /* WYKTabBarController.h */ = {isa = PBXFileReference; fileEncoding = 4; lastKnownFileType = sourcecode.c.h; path = WYKTabBarController.h; sourceTree = "<group>"; };
		A770B7831CA7036C005327B8 /* WYKTabBarController.m */ = {isa = PBXFileReference; fileEncoding = 4; lastKnownFileType = sourcecode.c.objc; path = WYKTabBarController.m; sourceTree = "<group>"; };
		A770B7841CA7036C005327B8 /* main.m */ = {isa = PBXFileReference; fileEncoding = 4; lastKnownFileType = sourcecode.c.objc; path = main.m; sourceTree = "<group>"; };
		A770B7851CA7036C005327B8 /* PrefixHeader.pch */ = {isa = PBXFileReference; fileEncoding = 4; lastKnownFileType = sourcecode.c.h; path = PrefixHeader.pch; sourceTree = "<group>"; };
		A770B7871CA7036C005327B8 /* WYKTabBar.h */ = {isa = PBXFileReference; fileEncoding = 4; lastKnownFileType = sourcecode.c.h; path = WYKTabBar.h; sourceTree = "<group>"; };
		A770B7881CA7036C005327B8 /* WYKTabBar.m */ = {isa = PBXFileReference; fileEncoding = 4; lastKnownFileType = sourcecode.c.objc; path = WYKTabBar.m; sourceTree = "<group>"; };
		A770B78B1CA7036C005327B8 /* WYKFriendTrendsViewController.h */ = {isa = PBXFileReference; fileEncoding = 4; lastKnownFileType = sourcecode.c.h; path = WYKFriendTrendsViewController.h; sourceTree = "<group>"; };
		A770B78C1CA7036C005327B8 /* WYKFriendTrendsViewController.m */ = {isa = PBXFileReference; fileEncoding = 4; lastKnownFileType = sourcecode.c.objc; path = WYKFriendTrendsViewController.m; sourceTree = "<group>"; };
		A770B7911CA7036C005327B8 /* WYKMeViewController.h */ = {isa = PBXFileReference; fileEncoding = 4; lastKnownFileType = sourcecode.c.h; path = WYKMeViewController.h; sourceTree = "<group>"; };
		A770B7921CA7036C005327B8 /* WYKMeViewController.m */ = {isa = PBXFileReference; fileEncoding = 4; lastKnownFileType = sourcecode.c.objc; path = WYKMeViewController.m; sourceTree = "<group>"; };
		A770B7971CA7036C005327B8 /* WYKNewViewController.h */ = {isa = PBXFileReference; fileEncoding = 4; lastKnownFileType = sourcecode.c.h; path = WYKNewViewController.h; sourceTree = "<group>"; };
		A770B7981CA7036C005327B8 /* WYKNewViewController.m */ = {isa = PBXFileReference; fileEncoding = 4; lastKnownFileType = sourcecode.c.objc; path = WYKNewViewController.m; sourceTree = "<group>"; };
		A770B79D1CA7036C005327B8 /* WYKEssenceViewController.h */ = {isa = PBXFileReference; fileEncoding = 4; lastKnownFileType = sourcecode.c.h; path = WYKEssenceViewController.h; sourceTree = "<group>"; };
		A770B79E1CA7036C005327B8 /* WYKEssenceViewController.m */ = {isa = PBXFileReference; fileEncoding = 4; lastKnownFileType = sourcecode.c.objc; path = WYKEssenceViewController.m; sourceTree = "<group>"; };
		A7FBFE141CA77EE1002C2B4D /* WYKNavigationController.h */ = {isa = PBXFileReference; fileEncoding = 4; lastKnownFileType = sourcecode.c.h; path = WYKNavigationController.h; sourceTree = "<group>"; };
		A7FBFE151CA77EE1002C2B4D /* WYKNavigationController.m */ = {isa = PBXFileReference; fileEncoding = 4; lastKnownFileType = sourcecode.c.objc; path = WYKNavigationController.m; sourceTree = "<group>"; };
		A7FBFE171CA7997E002C2B4D /* WYKFriendTrendsViewController.xib */ = {isa = PBXFileReference; fileEncoding = 4; lastKnownFileType = file.xib; path = WYKFriendTrendsViewController.xib; sourceTree = "<group>"; };
/* End PBXFileReference section */

/* Begin PBXFrameworksBuildPhase section */
		A76346661CA59FDC00351DFE /* Frameworks */ = {
			isa = PBXFrameworksBuildPhase;
			buildActionMask = 2147483647;
			files = (
			);
			runOnlyForDeploymentPostprocessing = 0;
		};
/* End PBXFrameworksBuildPhase section */

/* Begin PBXGroup section */
		A76346601CA59FDC00351DFE = {
			isa = PBXGroup;
			children = (
				A763466B1CA59FDC00351DFE /* 百思不得姐 */,
				A763466A1CA59FDC00351DFE /* Products */,
			);
			sourceTree = "<group>";
		};
		A763466A1CA59FDC00351DFE /* Products */ = {
			isa = PBXGroup;
			children = (
				A76346691CA59FDC00351DFE /* 百思不得姐.app */,
			);
			name = Products;
			sourceTree = "<group>";
		};
		A763466B1CA59FDC00351DFE /* 百思不得姐 */ = {
			isa = PBXGroup;
			children = (
				A770B7781CA7036C005327B8 /* Classes */,
				A763466C1CA59FDC00351DFE /* Supporting Files */,
			);
			path = "百思不得姐";
			sourceTree = "<group>";
		};
		A763466C1CA59FDC00351DFE /* Supporting Files */ = {
			isa = PBXGroup;
			children = (
				A76346781CA59FDC00351DFE /* Assets.xcassets */,
				A763467D1CA59FDC00351DFE /* Info.plist */,
			);
			name = "Supporting Files";
			sourceTree = "<group>";
		};
		A770B7781CA7036C005327B8 /* Classes */ = {
			isa = PBXGroup;
			children = (
				A770B79B1CA7036C005327B8 /* 精华 */,
				A770B7951CA7036C005327B8 /* 新帖 */,
				A770B7891CA7036C005327B8 /* 关注 */,
				A770B78F1CA7036C005327B8 /* 我的 */,
				A770B7791CA7036C005327B8 /* Other */,
			);
			path = Classes;
			sourceTree = "<group>";
		};
		A770B7791CA7036C005327B8 /* Other */ = {
			isa = PBXGroup;
			children = (
				A770B7811CA7036C005327B8 /* Controller */,
				A770B7861CA7036C005327B8 /* View */,
				A770B77C1CA7036C005327B8 /* Category */,
				A770B77A1CA7036C005327B8 /* AppDelegate.h */,
				A770B77B1CA7036C005327B8 /* AppDelegate.m */,
				A770B7841CA7036C005327B8 /* main.m */,
				A770B7851CA7036C005327B8 /* PrefixHeader.pch */,
			);
			path = Other;
			sourceTree = "<group>";
		};
		A770B77C1CA7036C005327B8 /* Category */ = {
			isa = PBXGroup;
			children = (
				A770B77D1CA7036C005327B8 /* UIBarButtonItem+WYKExtension.h */,
				A770B77E1CA7036C005327B8 /* UIBarButtonItem+WYKExtension.m */,
				A770B77F1CA7036C005327B8 /* UIView+WYKExtension.h */,
				A770B7801CA7036C005327B8 /* UIView+WYKExtension.m */,
			);
			path = Category;
			sourceTree = "<group>";
		};
		A770B7811CA7036C005327B8 /* Controller */ = {
			isa = PBXGroup;
			children = (
				A770B7821CA7036C005327B8 /* WYKTabBarController.h */,
				A770B7831CA7036C005327B8 /* WYKTabBarController.m */,
				A7FBFE141CA77EE1002C2B4D /* WYKNavigationController.h */,
				A7FBFE151CA77EE1002C2B4D /* WYKNavigationController.m */,
			);
			path = Controller;
			sourceTree = "<group>";
		};
		A770B7861CA7036C005327B8 /* View */ = {
			isa = PBXGroup;
			children = (
				A770B7871CA7036C005327B8 /* WYKTabBar.h */,
				A770B7881CA7036C005327B8 /* WYKTabBar.m */,
			);
			path = View;
			sourceTree = "<group>";
		};
		A770B7891CA7036C005327B8 /* 关注 */ = {
			isa = PBXGroup;
			children = (
				A770B78A1CA7036C005327B8 /* Controller */,
				A770B78D1CA7036C005327B8 /* Model */,
				A770B78E1CA7036C005327B8 /* View */,
			);
			path = "关注";
			sourceTree = "<group>";
		};
		A770B78A1CA7036C005327B8 /* Controller */ = {
			isa = PBXGroup;
			children = (
				A770B78B1CA7036C005327B8 /* WYKFriendTrendsViewController.h */,
				A770B78C1CA7036C005327B8 /* WYKFriendTrendsViewController.m */,
				A7FBFE171CA7997E002C2B4D /* WYKFriendTrendsViewController.xib */,
			);
			path = Controller;
			sourceTree = "<group>";
		};
		A770B78D1CA7036C005327B8 /* Model */ = {
			isa = PBXGroup;
			children = (
			);
			path = Model;
			sourceTree = "<group>";
		};
		A770B78E1CA7036C005327B8 /* View */ = {
			isa = PBXGroup;
			children = (
			);
			path = View;
			sourceTree = "<group>";
		};
		A770B78F1CA7036C005327B8 /* 我的 */ = {
			isa = PBXGroup;
			children = (
				A770B7901CA7036C005327B8 /* Controller */,
				A770B7931CA7036C005327B8 /* Model */,
				A770B7941CA7036C005327B8 /* View */,
			);
			path = "我的";
			sourceTree = "<group>";
		};
		A770B7901CA7036C005327B8 /* Controller */ = {
			isa = PBXGroup;
			children = (
				A770B7911CA7036C005327B8 /* WYKMeViewController.h */,
				A770B7921CA7036C005327B8 /* WYKMeViewController.m */,
			);
			path = Controller;
			sourceTree = "<group>";
		};
		A770B7931CA7036C005327B8 /* Model */ = {
			isa = PBXGroup;
			children = (
			);
			path = Model;
			sourceTree = "<group>";
		};
		A770B7941CA7036C005327B8 /* View */ = {
			isa = PBXGroup;
			children = (
			);
			path = View;
			sourceTree = "<group>";
		};
		A770B7951CA7036C005327B8 /* 新帖 */ = {
			isa = PBXGroup;
			children = (
				A770B7961CA7036C005327B8 /* Controller */,
				A770B7991CA7036C005327B8 /* Model */,
				A770B79A1CA7036C005327B8 /* View */,
			);
			path = "新帖";
			sourceTree = "<group>";
		};
		A770B7961CA7036C005327B8 /* Controller */ = {
			isa = PBXGroup;
			children = (
				A770B7971CA7036C005327B8 /* WYKNewViewController.h */,
				A770B7981CA7036C005327B8 /* WYKNewViewController.m */,
			);
			path = Controller;
			sourceTree = "<group>";
		};
		A770B7991CA7036C005327B8 /* Model */ = {
			isa = PBXGroup;
			children = (
			);
			path = Model;
			sourceTree = "<group>";
		};
		A770B79A1CA7036C005327B8 /* View */ = {
			isa = PBXGroup;
			children = (
			);
			path = View;
			sourceTree = "<group>";
		};
		A770B79B1CA7036C005327B8 /* 精华 */ = {
			isa = PBXGroup;
			children = (
				A770B79C1CA7036C005327B8 /* Controller */,
				A770B79F1CA7036C005327B8 /* Model */,
				A770B7A01CA7036C005327B8 /* View */,
			);
			path = "精华";
			sourceTree = "<group>";
		};
		A770B79C1CA7036C005327B8 /* Controller */ = {
			isa = PBXGroup;
			children = (
				A770B79D1CA7036C005327B8 /* WYKEssenceViewController.h */,
				A770B79E1CA7036C005327B8 /* WYKEssenceViewController.m */,
			);
			path = Controller;
			sourceTree = "<group>";
		};
		A770B79F1CA7036C005327B8 /* Model */ = {
			isa = PBXGroup;
			children = (
			);
			path = Model;
			sourceTree = "<group>";
		};
		A770B7A01CA7036C005327B8 /* View */ = {
			isa = PBXGroup;
			children = (
			);
			path = View;
			sourceTree = "<group>";
		};
/* End PBXGroup section */

/* Begin PBXNativeTarget section */
		A76346681CA59FDC00351DFE /* 百思不得姐 */ = {
			isa = PBXNativeTarget;
			buildConfigurationList = A76346801CA59FDC00351DFE /* Build configuration list for PBXNativeTarget "百思不得姐" */;
			buildPhases = (
				A76346651CA59FDC00351DFE /* Sources */,
				A76346661CA59FDC00351DFE /* Frameworks */,
				A76346671CA59FDC00351DFE /* Resources */,
			);
			buildRules = (
			);
			dependencies = (
			);
			name = "百思不得姐";
			productName = "百思不得姐";
			productReference = A76346691CA59FDC00351DFE /* 百思不得姐.app */;
			productType = "com.apple.product-type.application";
		};
/* End PBXNativeTarget section */

/* Begin PBXProject section */
		A76346611CA59FDC00351DFE /* Project object */ = {
			isa = PBXProject;
			attributes = {
				CLASSPREFIX = WYK;
				LastUpgradeCheck = 0730;
				ORGANIZATIONNAME = "王玉琨";
				TargetAttributes = {
					A76346681CA59FDC00351DFE = {
						CreatedOnToolsVersion = 7.3;
					};
				};
			};
			buildConfigurationList = A76346641CA59FDC00351DFE /* Build configuration list for PBXProject "百思不得姐" */;
			compatibilityVersion = "Xcode 3.2";
			developmentRegion = English;
			hasScannedForEncodings = 0;
			knownRegions = (
				en,
				Base,
			);
			mainGroup = A76346601CA59FDC00351DFE;
			productRefGroup = A763466A1CA59FDC00351DFE /* Products */;
			projectDirPath = "";
			projectRoot = "";
			targets = (
				A76346681CA59FDC00351DFE /* 百思不得姐 */,
			);
		};
/* End PBXProject section */

/* Begin PBXResourcesBuildPhase section */
		A76346671CA59FDC00351DFE /* Resources */ = {
			isa = PBXResourcesBuildPhase;
			buildActionMask = 2147483647;
			files = (
				A7FBFE181CA7997E002C2B4D /* WYKFriendTrendsViewController.xib in Resources */,
				A76346791CA59FDC00351DFE /* Assets.xcassets in Resources */,
			);
			runOnlyForDeploymentPostprocessing = 0;
		};
/* End PBXResourcesBuildPhase section */

/* Begin PBXSourcesBuildPhase section */
		A76346651CA59FDC00351DFE /* Sources */ = {
			isa = PBXSourcesBuildPhase;
			buildActionMask = 2147483647;
			files = (
				A770B7A51CA7036C005327B8 /* main.m in Sources */,
				A7FBFE161CA77EE1002C2B4D /* WYKNavigationController.m in Sources */,
				A770B7A61CA7036C005327B8 /* WYKTabBar.m in Sources */,
				A770B7A21CA7036C005327B8 /* UIBarButtonItem+WYKExtension.m in Sources */,
				A770B7A71CA7036C005327B8 /* WYKFriendTrendsViewController.m in Sources */,
				A770B7A81CA7036C005327B8 /* WYKMeViewController.m in Sources */,
				A770B7A11CA7036C005327B8 /* AppDelegate.m in Sources */,
				A770B7A31CA7036C005327B8 /* UIView+WYKExtension.m in Sources */,
				A770B7AA1CA7036C005327B8 /* WYKEssenceViewController.m in Sources */,
				A770B7A91CA7036C005327B8 /* WYKNewViewController.m in Sources */,
				A770B7A41CA7036C005327B8 /* WYKTabBarController.m in Sources */,
			);
			runOnlyForDeploymentPostprocessing = 0;
		};
/* End PBXSourcesBuildPhase section */

/* Begin XCBuildConfiguration section */
		A763467E1CA59FDC00351DFE /* Debug */ = {
			isa = XCBuildConfiguration;
			buildSettings = {
				ALWAYS_SEARCH_USER_PATHS = NO;
				CLANG_ANALYZER_NONNULL = YES;
				CLANG_CXX_LANGUAGE_STANDARD = "gnu++0x";
				CLANG_CXX_LIBRARY = "libc++";
				CLANG_ENABLE_MODULES = YES;
				CLANG_ENABLE_OBJC_ARC = YES;
				CLANG_WARN_BOOL_CONVERSION = YES;
				CLANG_WARN_CONSTANT_CONVERSION = YES;
				CLANG_WARN_DIRECT_OBJC_ISA_USAGE = YES_ERROR;
				CLANG_WARN_EMPTY_BODY = YES;
				CLANG_WARN_ENUM_CONVERSION = YES;
				CLANG_WARN_INT_CONVERSION = YES;
				CLANG_WARN_OBJC_ROOT_CLASS = YES_ERROR;
				CLANG_WARN_UNREACHABLE_CODE = YES;
				CLANG_WARN__DUPLICATE_METHOD_MATCH = YES;
				"CODE_SIGN_IDENTITY[sdk=iphoneos*]" = "iPhone Developer";
				COPY_PHASE_STRIP = NO;
				DEBUG_INFORMATION_FORMAT = dwarf;
				ENABLE_STRICT_OBJC_MSGSEND = YES;
				ENABLE_TESTABILITY = YES;
				GCC_C_LANGUAGE_STANDARD = gnu99;
				GCC_DYNAMIC_NO_PIC = NO;
				GCC_NO_COMMON_BLOCKS = YES;
				GCC_OPTIMIZATION_LEVEL = 0;
				GCC_PREPROCESSOR_DEFINITIONS = (
					"DEBUG=1",
					"$(inherited)",
				);
				GCC_WARN_64_TO_32_BIT_CONVERSION = YES;
				GCC_WARN_ABOUT_RETURN_TYPE = YES_ERROR;
				GCC_WARN_UNDECLARED_SELECTOR = YES;
				GCC_WARN_UNINITIALIZED_AUTOS = YES_AGGRESSIVE;
				GCC_WARN_UNUSED_FUNCTION = YES;
				GCC_WARN_UNUSED_VARIABLE = YES;
				IPHONEOS_DEPLOYMENT_TARGET = 9.3;
				MTL_ENABLE_DEBUG_INFO = YES;
				ONLY_ACTIVE_ARCH = YES;
				SDKROOT = iphoneos;
			};
			name = Debug;
		};
		A763467F1CA59FDC00351DFE /* Release */ = {
			isa = XCBuildConfiguration;
			buildSettings = {
				ALWAYS_SEARCH_USER_PATHS = NO;
				CLANG_ANALYZER_NONNULL = YES;
				CLANG_CXX_LANGUAGE_STANDARD = "gnu++0x";
				CLANG_CXX_LIBRARY = "libc++";
				CLANG_ENABLE_MODULES = YES;
				CLANG_ENABLE_OBJC_ARC = YES;
				CLANG_WARN_BOOL_CONVERSION = YES;
				CLANG_WARN_CONSTANT_CONVERSION = YES;
				CLANG_WARN_DIRECT_OBJC_ISA_USAGE = YES_ERROR;
				CLANG_WARN_EMPTY_BODY = YES;
				CLANG_WARN_ENUM_CONVERSION = YES;
				CLANG_WARN_INT_CONVERSION = YES;
				CLANG_WARN_OBJC_ROOT_CLASS = YES_ERROR;
				CLANG_WARN_UNREACHABLE_CODE = YES;
				CLANG_WARN__DUPLICATE_METHOD_MATCH = YES;
				"CODE_SIGN_IDENTITY[sdk=iphoneos*]" = "iPhone Developer";
				COPY_PHASE_STRIP = NO;
				DEBUG_INFORMATION_FORMAT = "dwarf-with-dsym";
				ENABLE_NS_ASSERTIONS = NO;
				ENABLE_STRICT_OBJC_MSGSEND = YES;
				GCC_C_LANGUAGE_STANDARD = gnu99;
				GCC_NO_COMMON_BLOCKS = YES;
				GCC_WARN_64_TO_32_BIT_CONVERSION = YES;
				GCC_WARN_ABOUT_RETURN_TYPE = YES_ERROR;
				GCC_WARN_UNDECLARED_SELECTOR = YES;
				GCC_WARN_UNINITIALIZED_AUTOS = YES_AGGRESSIVE;
				GCC_WARN_UNUSED_FUNCTION = YES;
				GCC_WARN_UNUSED_VARIABLE = YES;
				IPHONEOS_DEPLOYMENT_TARGET = 9.3;
				MTL_ENABLE_DEBUG_INFO = NO;
				SDKROOT = iphoneos;
				VALIDATE_PRODUCT = YES;
			};
			name = Release;
		};
		A76346811CA59FDC00351DFE /* Debug */ = {
			isa = XCBuildConfiguration;
			buildSettings = {
				ASSETCATALOG_COMPILER_APPICON_NAME = AppIcon;
				ASSETCATALOG_COMPILER_LAUNCHIMAGE_NAME = "Brand Assets";
				GCC_PREFIX_HEADER = "百思不得姐/Classes/Other/PrefixHeader.pch";
				INFOPLIST_FILE = "百思不得姐/Info.plist";
				IPHONEOS_DEPLOYMENT_TARGET = 7.0;
				LD_RUNPATH_SEARCH_PATHS = "$(inherited) @executable_path/Frameworks";
				PRODUCT_BUNDLE_IDENTIFIER = "com.wangyukun.-----";
				PRODUCT_NAME = "$(TARGET_NAME)";
				TARGETED_DEVICE_FAMILY = 1;
			};
			name = Debug;
		};
		A76346821CA59FDC00351DFE /* Release */ = {
			isa = XCBuildConfiguration;
			buildSettings = {
				ASSETCATALOG_COMPILER_APPICON_NAME = AppIcon;
				ASSETCATALOG_COMPILER_LAUNCHIMAGE_NAME = "Brand Assets";
				GCC_PREFIX_HEADER = "百思不得姐/Classes/Other/PrefixHeader.pch";
				INFOPLIST_FILE = "百思不得姐/Info.plist";
				IPHONEOS_DEPLOYMENT_TARGET = 7.0;
				LD_RUNPATH_SEARCH_PATHS = "$(inherited) @executable_path/Frameworks";
				PRODUCT_BUNDLE_IDENTIFIER = "com.wangyukun.-----";
				PRODUCT_NAME = "$(TARGET_NAME)";
				TARGETED_DEVICE_FAMILY = 1;
			};
			name = Release;
		};
/* End XCBuildConfiguration section */

/* Begin XCConfigurationList section */
		A76346641CA59FDC00351DFE /* Build configuration list for PBXProject "百思不得姐" */ = {
			isa = XCConfigurationList;
			buildConfigurations = (
				A763467E1CA59FDC00351DFE /* Debug */,
				A763467F1CA59FDC00351DFE /* Release */,
			);
			defaultConfigurationIsVisible = 0;
			defaultConfigurationName = Release;
		};
		A76346801CA59FDC00351DFE /* Build configuration list for PBXNativeTarget "百思不得姐" */ = {
			isa = XCConfigurationList;
			buildConfigurations = (
				A76346811CA59FDC00351DFE /* Debug */,
				A76346821CA59FDC00351DFE /* Release */,
			);
			defaultConfigurationIsVisible = 0;
			defaultConfigurationName = Release;
		};
/* End XCConfigurationList section */
	};
	rootObject = A76346611CA59FDC00351DFE /* Project object */;
}
