// !$*UTF8*$!
{
	archiveVersion = 1;
	classes = {
	};
	objectVersion = 46;
	objects = {

/* Begin PBXBuildFile section */
		A71C1F871CA69AEF00D40FA9 /* WYKTabBarController.m in Sources */ = {isa = PBXBuildFile; fileRef = A71C1F861CA69AEF00D40FA9 /* WYKTabBarController.m */; };
		A763466E1CA59FDC00351DFE /* main.m in Sources */ = {isa = PBXBuildFile; fileRef = A763466D1CA59FDC00351DFE /* main.m */; };
		A76346711CA59FDC00351DFE /* AppDelegate.m in Sources */ = {isa = PBXBuildFile; fileRef = A76346701CA59FDC00351DFE /* AppDelegate.m */; };
		A76346791CA59FDC00351DFE /* Assets.xcassets in Resources */ = {isa = PBXBuildFile; fileRef = A76346781CA59FDC00351DFE /* Assets.xcassets */; };
		A770B7621CA6CB67005327B8 /* WYKEssenceViewController.m in Sources */ = {isa = PBXBuildFile; fileRef = A770B7611CA6CB67005327B8 /* WYKEssenceViewController.m */; };
		A770B7651CA6CB9C005327B8 /* WYKNewViewController.m in Sources */ = {isa = PBXBuildFile; fileRef = A770B7641CA6CB9C005327B8 /* WYKNewViewController.m */; };
		A770B7681CA6CBDB005327B8 /* WYKFriendTrendsViewController.m in Sources */ = {isa = PBXBuildFile; fileRef = A770B7671CA6CBDB005327B8 /* WYKFriendTrendsViewController.m */; };
		A770B76B1CA6CBE7005327B8 /* WYKMeViewController.m in Sources */ = {isa = PBXBuildFile; fileRef = A770B76A1CA6CBE7005327B8 /* WYKMeViewController.m */; };
		A770B76E1CA6CFC4005327B8 /* WYKTabBar.m in Sources */ = {isa = PBXBuildFile; fileRef = A770B76D1CA6CFC4005327B8 /* WYKTabBar.m */; };
		A770B7711CA6DC6F005327B8 /* UIView+WYKExtension.m in Sources */ = {isa = PBXBuildFile; fileRef = A770B7701CA6DC6F005327B8 /* UIView+WYKExtension.m */; };
/* End PBXBuildFile section */

/* Begin PBXFileReference section */
		A71C1F851CA69AEF00D40FA9 /* WYKTabBarController.h */ = {isa = PBXFileReference; fileEncoding = 4; lastKnownFileType = sourcecode.c.h; path = WYKTabBarController.h; sourceTree = "<group>"; };
		A71C1F861CA69AEF00D40FA9 /* WYKTabBarController.m */ = {isa = PBXFileReference; fileEncoding = 4; lastKnownFileType = sourcecode.c.objc; path = WYKTabBarController.m; sourceTree = "<group>"; };
		A76346691CA59FDC00351DFE /* 百思不得姐.app */ = {isa = PBXFileReference; explicitFileType = wrapper.application; includeInIndex = 0; path = "百思不得姐.app"; sourceTree = BUILT_PRODUCTS_DIR; };
		A763466D1CA59FDC00351DFE /* main.m */ = {isa = PBXFileReference; lastKnownFileType = sourcecode.c.objc; path = main.m; sourceTree = "<group>"; };
		A763466F1CA59FDC00351DFE /* AppDelegate.h */ = {isa = PBXFileReference; lastKnownFileType = sourcecode.c.h; path = AppDelegate.h; sourceTree = "<group>"; };
		A76346701CA59FDC00351DFE /* AppDelegate.m */ = {isa = PBXFileReference; lastKnownFileType = sourcecode.c.objc; path = AppDelegate.m; sourceTree = "<group>"; };
		A76346781CA59FDC00351DFE /* Assets.xcassets */ = {isa = PBXFileReference; lastKnownFileType = folder.assetcatalog; path = Assets.xcassets; sourceTree = "<group>"; };
		A763467D1CA59FDC00351DFE /* Info.plist */ = {isa = PBXFileReference; lastKnownFileType = text.plist.xml; path = Info.plist; sourceTree = "<group>"; };
		A770B7601CA6CB67005327B8 /* WYKEssenceViewController.h */ = {isa = PBXFileReference; fileEncoding = 4; lastKnownFileType = sourcecode.c.h; path = WYKEssenceViewController.h; sourceTree = "<group>"; };
		A770B7611CA6CB67005327B8 /* WYKEssenceViewController.m */ = {isa = PBXFileReference; fileEncoding = 4; lastKnownFileType = sourcecode.c.objc; path = WYKEssenceViewController.m; sourceTree = "<group>"; };
		A770B7631CA6CB9C005327B8 /* WYKNewViewController.h */ = {isa = PBXFileReference; fileEncoding = 4; lastKnownFileType = sourcecode.c.h; path = WYKNewViewController.h; sourceTree = "<group>"; };
		A770B7641CA6CB9C005327B8 /* WYKNewViewController.m */ = {isa = PBXFileReference; fileEncoding = 4; lastKnownFileType = sourcecode.c.objc; path = WYKNewViewController.m; sourceTree = "<group>"; };
		A770B7661CA6CBDB005327B8 /* WYKFriendTrendsViewController.h */ = {isa = PBXFileReference; fileEncoding = 4; lastKnownFileType = sourcecode.c.h; path = WYKFriendTrendsViewController.h; sourceTree = "<group>"; };
		A770B7671CA6CBDB005327B8 /* WYKFriendTrendsViewController.m */ = {isa = PBXFileReference; fileEncoding = 4; lastKnownFileType = sourcecode.c.objc; path = WYKFriendTrendsViewController.m; sourceTree = "<group>"; };
		A770B7691CA6CBE7005327B8 /* WYKMeViewController.h */ = {isa = PBXFileReference; fileEncoding = 4; lastKnownFileType = sourcecode.c.h; path = WYKMeViewController.h; sourceTree = "<group>"; };
		A770B76A1CA6CBE7005327B8 /* WYKMeViewController.m */ = {isa = PBXFileReference; fileEncoding = 4; lastKnownFileType = sourcecode.c.objc; path = WYKMeViewController.m; sourceTree = "<group>"; };
		A770B76C1CA6CFC4005327B8 /* WYKTabBar.h */ = {isa = PBXFileReference; fileEncoding = 4; lastKnownFileType = sourcecode.c.h; path = WYKTabBar.h; sourceTree = "<group>"; };
		A770B76D1CA6CFC4005327B8 /* WYKTabBar.m */ = {isa = PBXFileReference; fileEncoding = 4; lastKnownFileType = sourcecode.c.objc; path = WYKTabBar.m; sourceTree = "<group>"; };
		A770B76F1CA6DC6F005327B8 /* UIView+WYKExtension.h */ = {isa = PBXFileReference; fileEncoding = 4; lastKnownFileType = sourcecode.c.h; path = "UIView+WYKExtension.h"; sourceTree = "<group>"; };
		A770B7701CA6DC6F005327B8 /* UIView+WYKExtension.m */ = {isa = PBXFileReference; fileEncoding = 4; lastKnownFileType = sourcecode.c.objc; path = "UIView+WYKExtension.m"; sourceTree = "<group>"; };
		A770B7721CA6DD1D005327B8 /* PrefixHeader.pch */ = {isa = PBXFileReference; lastKnownFileType = sourcecode.c.h; path = PrefixHeader.pch; sourceTree = "<group>"; };
/* End PBXFileReference section */

/* Begin PBXFrameworksBuildPhase section */
		A76346661CA59FDC00351DFE /* Frameworks */ = {
			isa = PBXFrameworksBuildPhase;
			buildActionMask = 2147483647;
			files = (
			);
			runOnlyForDeploymentPostprocessing = 0;
		};
/* End PBXFrameworksBuildPhase section */

/* Begin PBXGroup section */
		A76346601CA59FDC00351DFE = {
			isa = PBXGroup;
			children = (
				A763466B1CA59FDC00351DFE /* 百思不得姐 */,
				A763466A1CA59FDC00351DFE /* Products */,
			);
			sourceTree = "<group>";
		};
		A763466A1CA59FDC00351DFE /* Products */ = {
			isa = PBXGroup;
			children = (
				A76346691CA59FDC00351DFE /* 百思不得姐.app */,
			);
			name = Products;
			sourceTree = "<group>";
		};
		A763466B1CA59FDC00351DFE /* 百思不得姐 */ = {
			isa = PBXGroup;
			children = (
				A763466F1CA59FDC00351DFE /* AppDelegate.h */,
				A76346701CA59FDC00351DFE /* AppDelegate.m */,
				A71C1F851CA69AEF00D40FA9 /* WYKTabBarController.h */,
				A71C1F861CA69AEF00D40FA9 /* WYKTabBarController.m */,
				A770B7601CA6CB67005327B8 /* WYKEssenceViewController.h */,
				A770B7611CA6CB67005327B8 /* WYKEssenceViewController.m */,
				A770B7631CA6CB9C005327B8 /* WYKNewViewController.h */,
				A770B7641CA6CB9C005327B8 /* WYKNewViewController.m */,
				A770B7661CA6CBDB005327B8 /* WYKFriendTrendsViewController.h */,
				A770B7671CA6CBDB005327B8 /* WYKFriendTrendsViewController.m */,
				A770B7691CA6CBE7005327B8 /* WYKMeViewController.h */,
				A770B76A1CA6CBE7005327B8 /* WYKMeViewController.m */,
				A770B76C1CA6CFC4005327B8 /* WYKTabBar.h */,
				A770B76D1CA6CFC4005327B8 /* WYKTabBar.m */,
				A770B76F1CA6DC6F005327B8 /* UIView+WYKExtension.h */,
				A770B7701CA6DC6F005327B8 /* UIView+WYKExtension.m */,
				A770B7721CA6DD1D005327B8 /* PrefixHeader.pch */,
				A763466C1CA59FDC00351DFE /* Supporting Files */,
			);
			path = "百思不得姐";
			sourceTree = "<group>";
		};
		A763466C1CA59FDC00351DFE /* Supporting Files */ = {
			isa = PBXGroup;
			children = (
				A76346781CA59FDC00351DFE /* Assets.xcassets */,
				A763467D1CA59FDC00351DFE /* Info.plist */,
				A763466D1CA59FDC00351DFE /* main.m */,
			);
			name = "Supporting Files";
			sourceTree = "<group>";
		};
/* End PBXGroup section */

/* Begin PBXNativeTarget section */
		A76346681CA59FDC00351DFE /* 百思不得姐 */ = {
			isa = PBXNativeTarget;
			buildConfigurationList = A76346801CA59FDC00351DFE /* Build configuration list for PBXNativeTarget "百思不得姐" */;
			buildPhases = (
				A76346651CA59FDC00351DFE /* Sources */,
				A76346661CA59FDC00351DFE /* Frameworks */,
				A76346671CA59FDC00351DFE /* Resources */,
			);
			buildRules = (
			);
			dependencies = (
			);
			name = "百思不得姐";
			productName = "百思不得姐";
			productReference = A76346691CA59FDC00351DFE /* 百思不得姐.app */;
			productType = "com.apple.product-type.application";
		};
/* End PBXNativeTarget section */

/* Begin PBXProject section */
		A76346611CA59FDC00351DFE /* Project object */ = {
			isa = PBXProject;
			attributes = {
				CLASSPREFIX = WYK;
				LastUpgradeCheck = 0730;
				ORGANIZATIONNAME = "王玉琨";
				TargetAttributes = {
					A76346681CA59FDC00351DFE = {
						CreatedOnToolsVersion = 7.3;
					};
				};
			};
			buildConfigurationList = A76346641CA59FDC00351DFE /* Build configuration list for PBXProject "百思不得姐" */;
			compatibilityVersion = "Xcode 3.2";
			developmentRegion = English;
			hasScannedForEncodings = 0;
			knownRegions = (
				en,
				Base,
			);
			mainGroup = A76346601CA59FDC00351DFE;
			productRefGroup = A763466A1CA59FDC00351DFE /* Products */;
			projectDirPath = "";
			projectRoot = "";
			targets = (
				A76346681CA59FDC00351DFE /* 百思不得姐 */,
			);
		};
/* End PBXProject section */

/* Begin PBXResourcesBuildPhase section */
		A76346671CA59FDC00351DFE /* Resources */ = {
			isa = PBXResourcesBuildPhase;
			buildActionMask = 2147483647;
			files = (
				A76346791CA59FDC00351DFE /* Assets.xcassets in Resources */,
			);
			runOnlyForDeploymentPostprocessing = 0;
		};
/* End PBXResourcesBuildPhase section */

/* Begin PBXSourcesBuildPhase section */
		A76346651CA59FDC00351DFE /* Sources */ = {
			isa = PBXSourcesBuildPhase;
			buildActionMask = 2147483647;
			files = (
				A770B76B1CA6CBE7005327B8 /* WYKMeViewController.m in Sources */,
				A770B7651CA6CB9C005327B8 /* WYKNewViewController.m in Sources */,
				A770B7711CA6DC6F005327B8 /* UIView+WYKExtension.m in Sources */,
				A76346711CA59FDC00351DFE /* AppDelegate.m in Sources */,
				A770B7681CA6CBDB005327B8 /* WYKFriendTrendsViewController.m in Sources */,
				A770B7621CA6CB67005327B8 /* WYKEssenceViewController.m in Sources */,
				A770B76E1CA6CFC4005327B8 /* WYKTabBar.m in Sources */,
				A71C1F871CA69AEF00D40FA9 /* WYKTabBarController.m in Sources */,
				A763466E1CA59FDC00351DFE /* main.m in Sources */,
			);
			runOnlyForDeploymentPostprocessing = 0;
		};
/* End PBXSourcesBuildPhase section */

/* Begin XCBuildConfiguration section */
		A763467E1CA59FDC00351DFE /* Debug */ = {
			isa = XCBuildConfiguration;
			buildSettings = {
				ALWAYS_SEARCH_USER_PATHS = NO;
				CLANG_ANALYZER_NONNULL = YES;
				CLANG_CXX_LANGUAGE_STANDARD = "gnu++0x";
				CLANG_CXX_LIBRARY = "libc++";
				CLANG_ENABLE_MODULES = YES;
				CLANG_ENABLE_OBJC_ARC = YES;
				CLANG_WARN_BOOL_CONVERSION = YES;
				CLANG_WARN_CONSTANT_CONVERSION = YES;
				CLANG_WARN_DIRECT_OBJC_ISA_USAGE = YES_ERROR;
				CLANG_WARN_EMPTY_BODY = YES;
				CLANG_WARN_ENUM_CONVERSION = YES;
				CLANG_WARN_INT_CONVERSION = YES;
				CLANG_WARN_OBJC_ROOT_CLASS = YES_ERROR;
				CLANG_WARN_UNREACHABLE_CODE = YES;
				CLANG_WARN__DUPLICATE_METHOD_MATCH = YES;
				"CODE_SIGN_IDENTITY[sdk=iphoneos*]" = "iPhone Developer";
				COPY_PHASE_STRIP = NO;
				DEBUG_INFORMATION_FORMAT = dwarf;
				ENABLE_STRICT_OBJC_MSGSEND = YES;
				ENABLE_TESTABILITY = YES;
				GCC_C_LANGUAGE_STANDARD = gnu99;
				GCC_DYNAMIC_NO_PIC = NO;
				GCC_NO_COMMON_BLOCKS = YES;
				GCC_OPTIMIZATION_LEVEL = 0;
				GCC_PREPROCESSOR_DEFINITIONS = (
					"DEBUG=1",
					"$(inherited)",
				);
				GCC_WARN_64_TO_32_BIT_CONVERSION = YES;
				GCC_WARN_ABOUT_RETURN_TYPE = YES_ERROR;
				GCC_WARN_UNDECLARED_SELECTOR = YES;
				GCC_WARN_UNINITIALIZED_AUTOS = YES_AGGRESSIVE;
				GCC_WARN_UNUSED_FUNCTION = YES;
				GCC_WARN_UNUSED_VARIABLE = YES;
				IPHONEOS_DEPLOYMENT_TARGET = 9.3;
				MTL_ENABLE_DEBUG_INFO = YES;
				ONLY_ACTIVE_ARCH = YES;
				SDKROOT = iphoneos;
			};
			name = Debug;
		};
		A763467F1CA59FDC00351DFE /* Release */ = {
			isa = XCBuildConfiguration;
			buildSettings = {
				ALWAYS_SEARCH_USER_PATHS = NO;
				CLANG_ANALYZER_NONNULL = YES;
				CLANG_CXX_LANGUAGE_STANDARD = "gnu++0x";
				CLANG_CXX_LIBRARY = "libc++";
				CLANG_ENABLE_MODULES = YES;
				CLANG_ENABLE_OBJC_ARC = YES;
				CLANG_WARN_BOOL_CONVERSION = YES;
				CLANG_WARN_CONSTANT_CONVERSION = YES;
				CLANG_WARN_DIRECT_OBJC_ISA_USAGE = YES_ERROR;
				CLANG_WARN_EMPTY_BODY = YES;
				CLANG_WARN_ENUM_CONVERSION = YES;
				CLANG_WARN_INT_CONVERSION = YES;
				CLANG_WARN_OBJC_ROOT_CLASS = YES_ERROR;
				CLANG_WARN_UNREACHABLE_CODE = YES;
				CLANG_WARN__DUPLICATE_METHOD_MATCH = YES;
				"CODE_SIGN_IDENTITY[sdk=iphoneos*]" = "iPhone Developer";
				COPY_PHASE_STRIP = NO;
				DEBUG_INFORMATION_FORMAT = "dwarf-with-dsym";
				ENABLE_NS_ASSERTIONS = NO;
				ENABLE_STRICT_OBJC_MSGSEND = YES;
				GCC_C_LANGUAGE_STANDARD = gnu99;
				GCC_NO_COMMON_BLOCKS = YES;
				GCC_WARN_64_TO_32_BIT_CONVERSION = YES;
				GCC_WARN_ABOUT_RETURN_TYPE = YES_ERROR;
				GCC_WARN_UNDECLARED_SELECTOR = YES;
				GCC_WARN_UNINITIALIZED_AUTOS = YES_AGGRESSIVE;
				GCC_WARN_UNUSED_FUNCTION = YES;
				GCC_WARN_UNUSED_VARIABLE = YES;
				IPHONEOS_DEPLOYMENT_TARGET = 9.3;
				MTL_ENABLE_DEBUG_INFO = NO;
				SDKROOT = iphoneos;
				VALIDATE_PRODUCT = YES;
			};
			name = Release;
		};
		A76346811CA59FDC00351DFE /* Debug */ = {
			isa = XCBuildConfiguration;
			buildSettings = {
				ASSETCATALOG_COMPILER_APPICON_NAME = AppIcon;
				ASSETCATALOG_COMPILER_LAUNCHIMAGE_NAME = "Brand Assets";
				GCC_PREFIX_HEADER = "百思不得姐/PrefixHeader.pch";
				INFOPLIST_FILE = "百思不得姐/Info.plist";
				IPHONEOS_DEPLOYMENT_TARGET = 7.0;
				LD_RUNPATH_SEARCH_PATHS = "$(inherited) @executable_path/Frameworks";
				PRODUCT_BUNDLE_IDENTIFIER = "com.wangyukun.-----";
				PRODUCT_NAME = "$(TARGET_NAME)";
				TARGETED_DEVICE_FAMILY = 1;
			};
			name = Debug;
		};
		A76346821CA59FDC00351DFE /* Release */ = {
			isa = XCBuildConfiguration;
			buildSettings = {
				ASSETCATALOG_COMPILER_APPICON_NAME = AppIcon;
				ASSETCATALOG_COMPILER_LAUNCHIMAGE_NAME = "Brand Assets";
				GCC_PREFIX_HEADER = "百思不得姐/PrefixHeader.pch";
				INFOPLIST_FILE = "百思不得姐/Info.plist";
				IPHONEOS_DEPLOYMENT_TARGET = 7.0;
				LD_RUNPATH_SEARCH_PATHS = "$(inherited) @executable_path/Frameworks";
				PRODUCT_BUNDLE_IDENTIFIER = "com.wangyukun.-----";
				PRODUCT_NAME = "$(TARGET_NAME)";
				TARGETED_DEVICE_FAMILY = 1;
			};
			name = Release;
		};
/* End XCBuildConfiguration section */

/* Begin XCConfigurationList section */
		A76346641CA59FDC00351DFE /* Build configuration list for PBXProject "百思不得姐" */ = {
			isa = XCConfigurationList;
			buildConfigurations = (
				A763467E1CA59FDC00351DFE /* Debug */,
				A763467F1CA59FDC00351DFE /* Release */,
			);
			defaultConfigurationIsVisible = 0;
			defaultConfigurationName = Release;
		};
		A76346801CA59FDC00351DFE /* Build configuration list for PBXNativeTarget "百思不得姐" */ = {
			isa = XCConfigurationList;
			buildConfigurations = (
				A76346811CA59FDC00351DFE /* Debug */,
				A76346821CA59FDC00351DFE /* Release */,
			);
			defaultConfigurationIsVisible = 0;
			defaultConfigurationName = Release;
		};
/* End XCConfigurationList section */
	};
	rootObject = A76346611CA59FDC00351DFE /* Project object */;
}
